// !$*UTF8*$!
{
	archiveVersion = 1;
	classes = {
	};
	objectVersion = 48;
	objects = {

/* Begin PBXBuildFile section */
		8B1A6C4C2065E49E00D76F35 /* Assets.xcassets in Resources */ = {isa = PBXBuildFile; fileRef = 8B1A6C4B2065E49E00D76F35 /* Assets.xcassets */; };
		8B1D8FF42031F31D0006F4E6 /* AppDelegate.m in Sources */ = {isa = PBXBuildFile; fileRef = 8B1D8FF32031F31D0006F4E6 /* AppDelegate.m */; };
		8B1D8FF72031F31D0006F4E6 /* ViewController.m in Sources */ = {isa = PBXBuildFile; fileRef = 8B1D8FF62031F31D0006F4E6 /* ViewController.m */; };
		8B1D8FFA2031F31D0006F4E6 /* Main.storyboard in Resources */ = {isa = PBXBuildFile; fileRef = 8B1D8FF82031F31D0006F4E6 /* Main.storyboard */; };
		8B1D8FFF2031F31D0006F4E6 /* LaunchScreen.storyboard in Resources */ = {isa = PBXBuildFile; fileRef = 8B1D8FFD2031F31D0006F4E6 /* LaunchScreen.storyboard */; };
		8B1D90022031F31D0006F4E6 /* main.m in Sources */ = {isa = PBXBuildFile; fileRef = 8B1D90012031F31D0006F4E6 /* main.m */; };
/* End PBXBuildFile section */

/* Begin PBXFileReference section */
		8B1A6C4B2065E49E00D76F35 /* Assets.xcassets */ = {isa = PBXFileReference; lastKnownFileType = folder.assetcatalog; path = Assets.xcassets; sourceTree = "<group>"; };
		8B1D8FEF2031F31D0006F4E6 /* 2.1.3.app */ = {isa = PBXFileReference; explicitFileType = wrapper.application; includeInIndex = 0; path = 2.1.3.app; sourceTree = BUILT_PRODUCTS_DIR; };
		8B1D8FF22031F31D0006F4E6 /* AppDelegate.h */ = {isa = PBXFileReference; lastKnownFileType = sourcecode.c.h; path = AppDelegate.h; sourceTree = "<group>"; };
		8B1D8FF32031F31D0006F4E6 /* AppDelegate.m */ = {isa = PBXFileReference; lastKnownFileType = sourcecode.c.objc; path = AppDelegate.m; sourceTree = "<group>"; };
		8B1D8FF52031F31D0006F4E6 /* ViewController.h */ = {isa = PBXFileReference; lastKnownFileType = sourcecode.c.h; path = ViewController.h; sourceTree = "<group>"; };
		8B1D8FF62031F31D0006F4E6 /* ViewController.m */ = {isa = PBXFileReference; lastKnownFileType = sourcecode.c.objc; path = ViewController.m; sourceTree = "<group>"; };
		8B1D8FF92031F31D0006F4E6 /* Base */ = {isa = PBXFileReference; lastKnownFileType = file.storyboard; name = Base; path = Base.lproj/Main.storyboard; sourceTree = "<group>"; };
		8B1D8FFE2031F31D0006F4E6 /* Base */ = {isa = PBXFileReference; lastKnownFileType = file.storyboard; name = Base; path = Base.lproj/LaunchScreen.storyboard; sourceTree = "<group>"; };
		8B1D90002031F31D0006F4E6 /* Info.plist */ = {isa = PBXFileReference; lastKnownFileType = text.plist.xml; path = Info.plist; sourceTree = "<group>"; };
		8B1D90012031F31D0006F4E6 /* main.m */ = {isa = PBXFileReference; lastKnownFileType = sourcecode.c.objc; path = main.m; sourceTree = "<group>"; };
/* End PBXFileReference section */

/* Begin PBXFrameworksBuildPhase section */
		8B1D8FEC2031F31D0006F4E6 /* Frameworks */ = {
			isa = PBXFrameworksBuildPhase;
			buildActionMask = 2147483647;
			files = (
			);
			runOnlyForDeploymentPostprocessing = 0;
		};
/* End PBXFrameworksBuildPhase section */

/* Begin PBXGroup section */
		8B1D8FE62031F31C0006F4E6 = {
			isa = PBXGroup;
			children = (
				8B1D8FF12031F31D0006F4E6 /* 2.1.3 */,
				8B1D8FF02031F31D0006F4E6 /* Products */,
			);
			sourceTree = "<group>";
		};
		8B1D8FF02031F31D0006F4E6 /* Products */ = {
			isa = PBXGroup;
			children = (
				8B1D8FEF2031F31D0006F4E6 /* 2.1.3.app */,
			);
			name = Products;
			sourceTree = "<group>";
		};
		8B1D8FF12031F31D0006F4E6 /* 2.1.3 */ = {
			isa = PBXGroup;
			children = (
				8B1D8FF22031F31D0006F4E6 /* AppDelegate.h */,
				8B1D8FF32031F31D0006F4E6 /* AppDelegate.m */,
				8B1D8FF52031F31D0006F4E6 /* ViewController.h */,
				8B1D8FF62031F31D0006F4E6 /* ViewController.m */,
				8B1A6C4B2065E49E00D76F35 /* Assets.xcassets */,
				8B1D8FF82031F31D0006F4E6 /* Main.storyboard */,
				8B1D8FFD2031F31D0006F4E6 /* LaunchScreen.storyboard */,
				8B1D90002031F31D0006F4E6 /* Info.plist */,
				8B1D90012031F31D0006F4E6 /* main.m */,
			);
			path = 2.1.3;
			sourceTree = "<group>";
		};
/* End PBXGroup section */

/* Begin PBXNativeTarget section */
		8B1D8FEE2031F31D0006F4E6 /* 2.1.3 */ = {
			isa = PBXNativeTarget;
			buildConfigurationList = 8B1D90052031F31D0006F4E6 /* Build configuration list for PBXNativeTarget "2.1.3" */;
			buildPhases = (
				8B1D8FEB2031F31D0006F4E6 /* Sources */,
				8B1D8FEC2031F31D0006F4E6 /* Frameworks */,
				8B1D8FED2031F31D0006F4E6 /* Resources */,
			);
			buildRules = (
			);
			dependencies = (
			);
			name = 2.1.3;
			productName = 2.1.3;
			productReference = 8B1D8FEF2031F31D0006F4E6 /* 2.1.3.app */;
			productType = "com.apple.product-type.application";
		};
/* End PBXNativeTarget section */

/* Begin PBXProject section */
		8B1D8FE72031F31C0006F4E6 /* Project object */ = {
			isa = PBXProject;
			attributes = {
				LastUpgradeCheck = 0920;
				ORGANIZATIONNAME = "竹村鷹基";
				TargetAttributes = {
					8B1D8FEE2031F31D0006F4E6 = {
						CreatedOnToolsVersion = 9.2;
						ProvisioningStyle = Automatic;
					};
				};
			};
			buildConfigurationList = 8B1D8FEA2031F31C0006F4E6 /* Build configuration list for PBXProject "2.1.3" */;
			compatibilityVersion = "Xcode 8.0";
			developmentRegion = en;
			hasScannedForEncodings = 0;
			knownRegions = (
				en,
				Base,
			);
			mainGroup = 8B1D8FE62031F31C0006F4E6;
			productRefGroup = 8B1D8FF02031F31D0006F4E6 /* Products */;
			projectDirPath = "";
			projectRoot = "";
			targets = (
				8B1D8FEE2031F31D0006F4E6 /* 2.1.3 */,
			);
		};
/* End PBXProject section */

/* Begin PBXResourcesBuildPhase section */
		8B1D8FED2031F31D0006F4E6 /* Resources */ = {
			isa = PBXResourcesBuildPhase;
			buildActionMask = 2147483647;
			files = (
				8B1A6C4C2065E49E00D76F35 /* Assets.xcassets in Resources */,
				8B1D8FFF2031F31D0006F4E6 /* LaunchScreen.storyboard in Resources */,
				8B1D8FFA2031F31D0006F4E6 /* Main.storyboard in Resources */,
			);
			runOnlyForDeploymentPostprocessing = 0;
		};
/* End PBXResourcesBuildPhase section */

/* Begin PBXSourcesBuildPhase section */
		8B1D8FEB2031F31D0006F4E6 /* Sources */ = {
			isa = PBXSourcesBuildPhase;
			buildActionMask = 2147483647;
			files = (
				8B1D8FF72031F31D0006F4E6 /* ViewController.m in Sources */,
				8B1D90022031F31D0006F4E6 /* main.m in Sources */,
				8B1D8FF42031F31D0006F4E6 /* AppDelegate.m in Sources */,
			);
			runOnlyForDeploymentPostprocessing = 0;
		};
/* End PBXSourcesBuildPhase section */

/* Begin PBXVariantGroup section */
		8B1D8FF82031F31D0006F4E6 /* Main.storyboard */ = {
			isa = PBXVariantGroup;
			children = (
				8B1D8FF92031F31D0006F4E6 /* Base */,
			);
			name = Main.storyboard;
			sourceTree = "<group>";
		};
		8B1D8FFD2031F31D0006F4E6 /* LaunchScreen.storyboard */ = {
			isa = PBXVariantGroup;
			children = (
				8B1D8FFE2031F31D0006F4E6 /* Base */,
			);
			name = LaunchScreen.storyboard;
			sourceTree = "<group>";
		};
/* End PBXVariantGroup section */

/* Begin XCBuildConfiguration section */
		8B1D90032031F31D0006F4E6 /* Debug */ = {
			isa = XCBuildConfiguration;
			buildSettings = {
				ALWAYS_SEARCH_USER_PATHS = NO;
				CLANG_ANALYZER_NONNULL = YES;
				CLANG_ANALYZER_NUMBER_OBJECT_CONVERSION = YES_AGGRESSIVE;
				CLANG_CXX_LANGUAGE_STANDARD = "gnu++14";
				CLANG_CXX_LIBRARY = "libc++";
				CLANG_ENABLE_MODULES = YES;
				CLANG_ENABLE_OBJC_ARC = YES;
				CLANG_WARN_BLOCK_CAPTURE_AUTORELEASING = YES;
				CLANG_WARN_BOOL_CONVERSION = YES;
				CLANG_WARN_COMMA = YES;
				CLANG_WARN_CONSTANT_CONVERSION = YES;
				CLANG_WARN_DIRECT_OBJC_ISA_USAGE = YES_ERROR;
				CLANG_WARN_DOCUMENTATION_COMMENTS = YES;
				CLANG_WARN_EMPTY_BODY = YES;
				CLANG_WARN_ENUM_CONVERSION = YES;
				CLANG_WARN_INFINITE_RECURSION = YES;
				CLANG_WARN_INT_CONVERSION = YES;
				CLANG_WARN_NON_LITERAL_NULL_CONVERSION = YES;
				CLANG_WARN_OBJC_LITERAL_CONVERSION = YES;
				CLANG_WARN_OBJC_ROOT_CLASS = YES_ERROR;
				CLANG_WARN_RANGE_LOOP_ANALYSIS = YES;
				CLANG_WARN_STRICT_PROTOTYPES = YES;
				CLANG_WARN_SUSPICIOUS_MOVE = YES;
				CLANG_WARN_UNGUARDED_AVAILABILITY = YES_AGGRESSIVE;
				CLANG_WARN_UNREACHABLE_CODE = YES;
				CLANG_WARN__DUPLICATE_METHOD_MATCH = YES;
				CODE_SIGN_IDENTITY = "iPhone Developer";
				COPY_PHASE_STRIP = NO;
				DEBUG_INFORMATION_FORMAT = dwarf;
				ENABLE_STRICT_OBJC_MSGSEND = YES;
				ENABLE_TESTABILITY = YES;
				GCC_C_LANGUAGE_STANDARD = gnu11;
				GCC_DYNAMIC_NO_PIC = NO;
				GCC_NO_COMMON_BLOCKS = YES;
				GCC_OPTIMIZATION_LEVEL = 0;
				GCC_PREPROCESSOR_DEFINITIONS = (
					"DEBUG=1",
					"$(inherited)",
				);
				GCC_WARN_64_TO_32_BIT_CONVERSION = YES;
				GCC_WARN_ABOUT_RETURN_TYPE = YES_ERROR;
				GCC_WARN_UNDECLARED_SELECTOR = YES;
				GCC_WARN_UNINITIALIZED_AUTOS = YES_AGGRESSIVE;
				GCC_WARN_UNUSED_FUNCTION = YES;
				GCC_WARN_UNUSED_VARIABLE = YES;
				IPHONEOS_DEPLOYMENT_TARGET = 11.2;
				MTL_ENABLE_DEBUG_INFO = YES;
				ONLY_ACTIVE_ARCH = YES;
				SDKROOT = iphoneos;
			};
			name = Debug;
		};
		8B1D90042031F31D0006F4E6 /* Release */ = {
			isa = XCBuildConfiguration;
			buildSettings = {
				ALWAYS_SEARCH_USER_PATHS = NO;
				CLANG_ANALYZER_NONNULL = YES;
				CLANG_ANALYZER_NUMBER_OBJECT_CONVERSION = YES_AGGRESSIVE;
				CLANG_CXX_LANGUAGE_STANDARD = "gnu++14";
				CLANG_CXX_LIBRARY = "libc++";
				CLANG_ENABLE_MODULES = YES;
				CLANG_ENABLE_OBJC_ARC = YES;
				CLANG_WARN_BLOCK_CAPTURE_AUTORELEASING = YES;
				CLANG_WARN_BOOL_CONVERSION = YES;
				CLANG_WARN_COMMA = YES;
				CLANG_WARN_CONSTANT_CONVERSION = YES;
				CLANG_WARN_DIRECT_OBJC_ISA_USAGE = YES_ERROR;
				CLANG_WARN_DOCUMENTATION_COMMENTS = YES;
				CLANG_WARN_EMPTY_BODY = YES;
				CLANG_WARN_ENUM_CONVERSION = YES;
				CLANG_WARN_INFINITE_RECURSION = YES;
				CLANG_WARN_INT_CONVERSION = YES;
				CLANG_WARN_NON_LITERAL_NULL_CONVERSION = YES;
				CLANG_WARN_OBJC_LITERAL_CONVERSION = YES;
				CLANG_WARN_OBJC_ROOT_CLASS = YES_ERROR;
				CLANG_WARN_RANGE_LOOP_ANALYSIS = YES;
				CLANG_WARN_STRICT_PROTOTYPES = YES;
				CLANG_WARN_SUSPICIOUS_MOVE = YES;
				CLANG_WARN_UNGUARDED_AVAILABILITY = YES_AGGRESSIVE;
				CLANG_WARN_UNREACHABLE_CODE = YES;
				CLANG_WARN__DUPLICATE_METHOD_MATCH = YES;
				CODE_SIGN_IDENTITY = "iPhone Developer";
				COPY_PHASE_STRIP = NO;
				DEBUG_INFORMATION_FORMAT = "dwarf-with-dsym";
				ENABLE_NS_ASSERTIONS = NO;
				ENABLE_STRICT_OBJC_MSGSEND = YES;
				GCC_C_LANGUAGE_STANDARD = gnu11;
				GCC_NO_COMMON_BLOCKS = YES;
				GCC_WARN_64_TO_32_BIT_CONVERSION = YES;
				GCC_WARN_ABOUT_RETURN_TYPE = YES_ERROR;
				GCC_WARN_UNDECLARED_SELECTOR = YES;
				GCC_WARN_UNINITIALIZED_AUTOS = YES_AGGRESSIVE;
				GCC_WARN_UNUSED_FUNCTION = YES;
				GCC_WARN_UNUSED_VARIABLE = YES;
				IPHONEOS_DEPLOYMENT_TARGET = 11.2;
				MTL_ENABLE_DEBUG_INFO = NO;
				SDKROOT = iphoneos;
				VALIDATE_PRODUCT = YES;
			};
			name = Release;
		};
		8B1D90062031F31D0006F4E6 /* Debug */ = {
			isa = XCBuildConfiguration;
			buildSettings = {
				ASSETCATALOG_COMPILER_APPICON_NAME = AppIcon;
				CODE_SIGN_STYLE = Automatic;
				INFOPLIST_FILE = 2.1.3/Info.plist;
				LD_RUNPATH_SEARCH_PATHS = "$(inherited) @executable_path/Frameworks";
				PRODUCT_BUNDLE_IDENTIFIER = "com.Takaki.--1-3";
				PRODUCT_NAME = "$(TARGET_NAME)";
				TARGETED_DEVICE_FAMILY = "1,2";
			};
			name = Debug;
		};
		8B1D90072031F31D0006F4E6 /* Release */ = {
			isa = XCBuildConfiguration;
			buildSettings = {
				ASSETCATALOG_COMPILER_APPICON_NAME = AppIcon;
				CODE_SIGN_STYLE = Automatic;
				INFOPLIST_FILE = 2.1.3/Info.plist;
				LD_RUNPATH_SEARCH_PATHS = "$(inherited) @executable_path/Frameworks";
				PRODUCT_BUNDLE_IDENTIFIER = "com.Takaki.--1-3";
				PRODUCT_NAME = "$(TARGET_NAME)";
				TARGETED_DEVICE_FAMILY = "1,2";
			};
			name = Release;
		};
/* End XCBuildConfiguration section */

/* Begin XCConfigurationList section */
		8B1D8FEA2031F31C0006F4E6 /* Build configuration list for PBXProject "2.1.3" */ = {
			isa = XCConfigurationList;
			buildConfigurations = (
				8B1D90032031F31D0006F4E6 /* Debug */,
				8B1D90042031F31D0006F4E6 /* Release */,
			);
			defaultConfigurationIsVisible = 0;
			defaultConfigurationName = Release;
		};
		8B1D90052031F31D0006F4E6 /* Build configuration list for PBXNativeTarget "2.1.3" */ = {
			isa = XCConfigurationList;
			buildConfigurations = (
				8B1D90062031F31D0006F4E6 /* Debug */,
				8B1D90072031F31D0006F4E6 /* Release */,
			);
			defaultConfigurationIsVisible = 0;
			defaultConfigurationName = Release;
		};
/* End XCConfigurationList section */
	};
	rootObject = 8B1D8FE72031F31C0006F4E6 /* Project object */;
}
